{
  "version": "1.0.0",
  "repository": "LeadMagic/gtm-skills",
  "generated_at": "2026-06-08T03:58:39+00:00",
  "total_skills": 189,
  "skills": {
    "abm/abm-1-to-1": {
      "path": "skills/abm/abm-1-to-1/SKILL.md",
      "sha256": "c08ae91b814a430c92748a6e23cf45c968a160da294bed3a9bf46a46e8177ecf",
      "size_bytes": 8855
    },
    "abm/abm-1-to-few": {
      "path": "skills/abm/abm-1-to-few/SKILL.md",
      "sha256": "56672fe772ea4f78d15be36e006f481fe17fc89f9e38cb4def9e1b07cb5ebd16",
      "size_bytes": 7042
    },
    "abm/abm-1-to-many": {
      "path": "skills/abm/abm-1-to-many/SKILL.md",
      "sha256": "a590a6ec84b5ef9f7d1f9f896698205b00316897aed0bfce371523181dc41b0f",
      "size_bytes": 6785
    },
    "abm/abm-strategy": {
      "path": "skills/abm/abm-strategy/SKILL.md",
      "sha256": "76bcf2eea6141e87d12be0e4a89c356a1ca8ef723ae269533884a7bd99ca73f5",
      "size_bytes": 7329
    },
    "abm/account-selection": {
      "path": "skills/abm/account-selection/SKILL.md",
      "sha256": "3b0d69f938a952e76e1152d8535b4ca14d87c46d2a825ebb5993a44fc184fd26",
      "size_bytes": 6743
    },
    "abm/multi-thread-orchestration": {
      "path": "skills/abm/multi-thread-orchestration/SKILL.md",
      "sha256": "319e8a00f92f7f8ad24cd5655fa8308cec3a00159028afef4daa3b2f1ea113b7",
      "size_bytes": 7644
    },
    "ai-agents/agent-architecture": {
      "path": "skills/ai-agents/agent-architecture/SKILL.md",
      "sha256": "09a5a1c30071dcf4260fff50dd54b24e8d1f3810dc235e623d96920c40596052",
      "size_bytes": 5830
    },
    "ai-agents/agent-guardrails": {
      "path": "skills/ai-agents/agent-guardrails/SKILL.md",
      "sha256": "332c0136515c3e743a3efe816ba216b122a92fbc91c2adea3fb5810324c65244",
      "size_bytes": 5832
    },
    "ai-agents/agent-observability": {
      "path": "skills/ai-agents/agent-observability/SKILL.md",
      "sha256": "59ebbc5914f9f27b52ef278b7ce3f5423f8cd971a636c951bba8a9d610b9eac4",
      "size_bytes": 5602
    },
    "ai-agents/agent-tool-calling": {
      "path": "skills/ai-agents/agent-tool-calling/SKILL.md",
      "sha256": "bc586fba243d5f281cb02a1bfa12c48b60bf6b0b5e6a533dc7fe0fc8d6e3d331",
      "size_bytes": 5779
    },
    "analytics/1p-tagging-pixels": {
      "path": "skills/analytics/1p-tagging-pixels/SKILL.md",
      "sha256": "02f18821792280e295a8c45c1fc2b80bfec6e261383be2b5b4ba9540b71b3eae",
      "size_bytes": 9840
    },
    "analytics/a-b-testing": {
      "path": "skills/analytics/a-b-testing/SKILL.md",
      "sha256": "7a84ea6ec5dcf1418856fb4234a1026d52fda7b27f58604bf7a9e44c41d2aaf3",
      "size_bytes": 25870
    },
    "analytics/attribution": {
      "path": "skills/analytics/attribution/SKILL.md",
      "sha256": "3ae4a94cff051bd216a6853737de3a7b391fadb50840c95c33d8af728fdf40d2",
      "size_bytes": 25804
    },
    "analytics/campaign-analytics": {
      "path": "skills/analytics/campaign-analytics/SKILL.md",
      "sha256": "4dc46b2294210b2f741e1900a18aa4a6daa59d0e0f959f2b9d11c9fa51ff7785",
      "size_bytes": 28142
    },
    "analytics/deliverability-monitoring": {
      "path": "skills/analytics/deliverability-monitoring/SKILL.md",
      "sha256": "0777ce112163e17c7d1aa625794dafe997d73a8a63c95a7fbe180553e5fc0f60",
      "size_bytes": 25153
    },
    "analytics/event-analytics": {
      "path": "skills/analytics/event-analytics/SKILL.md",
      "sha256": "42840285e321fff123f0ab8da16c2b13b25e6e61b5a8cfbd7aca3c188853ec5a",
      "size_bytes": 13033
    },
    "analytics/growth-experimentation": {
      "path": "skills/analytics/growth-experimentation/SKILL.md",
      "sha256": "43582347df82635b75984e41728aef1e3751ba829f488d1acbd7d67dc42e6bde",
      "size_bytes": 6845
    },
    "analytics/gtm-metrics": {
      "path": "skills/analytics/gtm-metrics/SKILL.md",
      "sha256": "df08e1acf4b23ab15cad648f69c2747ec0c8c57a9895c2e045eb67bae61cb224",
      "size_bytes": 25344
    },
    "analytics/gtm-system-architecture": {
      "path": "skills/analytics/gtm-system-architecture/SKILL.md",
      "sha256": "1a602b5d18d36da185f2e0897c238b9ab8ec9e4903e4ef804e92d836124c68a8",
      "size_bytes": 7677
    },
    "analytics/marketing-strategy": {
      "path": "skills/analytics/marketing-strategy/SKILL.md",
      "sha256": "22226bb6de1601fef6bff3c5ef51d2d8c50d54c38b8dcc6bc5386cadcca7bbc9",
      "size_bytes": 7459
    },
    "analytics/paid-advertising": {
      "path": "skills/analytics/paid-advertising/SKILL.md",
      "sha256": "fc74677052dab7b4f80922987d6098e49415698405fc08a10e16c6b0e83fce17",
      "size_bytes": 8262
    },
    "analytics/proactive-alerts": {
      "path": "skills/analytics/proactive-alerts/SKILL.md",
      "sha256": "57a971d4923ea74cd4f37d1e7a36910508f03428f7fd94c2fad5475d5dbc8b69",
      "size_bytes": 6419
    },
    "analytics/tracking-plan": {
      "path": "skills/analytics/tracking-plan/SKILL.md",
      "sha256": "6d65abced9ad2f7959c53e00e89ea2b196b916d1f97c2026f55bd9463186549a",
      "size_bytes": 21027
    },
    "automation/ai-sdr-setup": {
      "path": "skills/automation/ai-sdr-setup/SKILL.md",
      "sha256": "4235c0223f0f98fcee0a98d7edd6f8a75be657231837abc0383d960b4e237393",
      "size_bytes": 8449
    },
    "automation/api-enrichment": {
      "path": "skills/automation/api-enrichment/SKILL.md",
      "sha256": "ed2eb3bfc8c7804b620d846fd06bea5fa0f8e754c34f155536a88776d404d140",
      "size_bytes": 6843
    },
    "automation/attio-setup": {
      "path": "skills/automation/attio-setup/SKILL.md",
      "sha256": "babf91f7a2928fcdd1d9966e51dc5eb450444fbb50a957707002b030e3d89623",
      "size_bytes": 5545
    },
    "automation/clay-automation": {
      "path": "skills/automation/clay-automation/SKILL.md",
      "sha256": "8119ec8edd208a1aab50a9904fb3aac00e98c52525cbff908c4f1d7c77e20129",
      "size_bytes": 7059
    },
    "automation/crm-integration": {
      "path": "skills/automation/crm-integration/SKILL.md",
      "sha256": "6de963c39f7a44bfde8dbd0fd778f6b0f3f9b95d2ad1ee13a319fa8d683c7e4d",
      "size_bytes": 6545
    },
    "automation/hubspot-setup": {
      "path": "skills/automation/hubspot-setup/SKILL.md",
      "sha256": "2afbd657c905fcc0456af1f878f4d219b7eadb4e171851033fe591e7328ce908",
      "size_bytes": 6388
    },
    "automation/mcp-setup": {
      "path": "skills/automation/mcp-setup/SKILL.md",
      "sha256": "9b092af421ae4d70710542ad6e65139a4255083edc8ca06d53ea57aa4d276227",
      "size_bytes": 6473
    },
    "automation/n8n-automation": {
      "path": "skills/automation/n8n-automation/SKILL.md",
      "sha256": "cce51b0fea4fedfa05a9f3d59812ecf9dd129251d2b0b9e8e722d6a873df9268",
      "size_bytes": 6302
    },
    "automation/salesforce-setup": {
      "path": "skills/automation/salesforce-setup/SKILL.md",
      "sha256": "6f0697ec56021ab955e5ccdc92014b399b93b278c969c323f0ea67a4f429466d",
      "size_bytes": 6584
    },
    "automation/skills-lock": {
      "path": "skills/automation/skills-lock/SKILL.md",
      "sha256": "f31ed071a5e7eb647c047d12060e9ce5f075b3ebcd31d004578f75ac41a1016c",
      "size_bytes": 9598
    },
    "automation/tool-selection-stack": {
      "path": "skills/automation/tool-selection-stack/SKILL.md",
      "sha256": "345f33aaab7f7aa8bf97ef0c6c72dbd7ca2be415cfc0c0deab73d32cdae17e41",
      "size_bytes": 5878
    },
    "automation/waterfall-enrichment": {
      "path": "skills/automation/waterfall-enrichment/SKILL.md",
      "sha256": "de36e95997f563220be1be7d6b85e8e1e54fb26461b8d984d51f154c514d970c",
      "size_bytes": 5576
    },
    "content-seo/aeo-strategy": {
      "path": "skills/content-seo/aeo-strategy/SKILL.md",
      "sha256": "14a6bccc91e3017f56029d8a36382653054252c5ea29fb5a6c8b7a4b718ddf9a",
      "size_bytes": 7579
    },
    "content-seo/citation-harvesting": {
      "path": "skills/content-seo/citation-harvesting/SKILL.md",
      "sha256": "0f7cb48e06374c510c423ad71796bd263615a86f2a1f6215976298f74a83afb6",
      "size_bytes": 5821
    },
    "content-seo/faq-seo": {
      "path": "skills/content-seo/faq-seo/SKILL.md",
      "sha256": "5c38e7c0afc1464207286060ff58711dd7aca9c1076097cff6be92c78d5b20e2",
      "size_bytes": 5714
    },
    "content-seo/pillar-pages": {
      "path": "skills/content-seo/pillar-pages/SKILL.md",
      "sha256": "0fd2f497de8c1e0416785284ed419fddea7040b05739461ec11862146d9da93f",
      "size_bytes": 7270
    },
    "content-seo/pseo-strategy": {
      "path": "skills/content-seo/pseo-strategy/SKILL.md",
      "sha256": "157f09845783dcdae6d91e0a15e441aa5063f514f7e45dc8301708658a7dc491",
      "size_bytes": 7188
    },
    "content-seo/seo-strategy": {
      "path": "skills/content-seo/seo-strategy/SKILL.md",
      "sha256": "c06d7840356134817cd2f1c722a28c3113fa7f2c0e05d6687ca5171ecf2b2383",
      "size_bytes": 5846
    },
    "creative/ad-creative-strategy": {
      "path": "skills/creative/ad-creative-strategy/SKILL.md",
      "sha256": "ac6a6e60176b92f397d33be3dd09f819c2b7e86660fce7d35573ca67e788995d",
      "size_bytes": 6573
    },
    "creative/ai-content-creation": {
      "path": "skills/creative/ai-content-creation/SKILL.md",
      "sha256": "b7bd99ab7b4011e9c6ac42e2e4bf18acbc28469019d1ac33cb55c980599d9310",
      "size_bytes": 13265
    },
    "creative/ai-video-creation": {
      "path": "skills/creative/ai-video-creation/SKILL.md",
      "sha256": "06b995abe41849924f419e6484be7adb1b11e954c7138f9ad318d6132f849181",
      "size_bytes": 13985
    },
    "creative/content-distribution": {
      "path": "skills/creative/content-distribution/SKILL.md",
      "sha256": "541ce95f7dafc2ba95657132c1589e67f7b8726b95ba0438ba0256d2b2513901",
      "size_bytes": 6471
    },
    "creative/copywriting": {
      "path": "skills/creative/copywriting/SKILL.md",
      "sha256": "e1bf8d1c94ad05edf5ab37e3509acc8a079b8a1f527619f1a64dc63dd6a4c3bf",
      "size_bytes": 6407
    },
    "creative/graphic-design-gtm": {
      "path": "skills/creative/graphic-design-gtm/SKILL.md",
      "sha256": "3990ecdaee1cd99509691ef67aae5a41c827c0fc42a12bbba8c363ff35ed9750",
      "size_bytes": 7211
    },
    "creative/growth-hacking-tactics": {
      "path": "skills/creative/growth-hacking-tactics/SKILL.md",
      "sha256": "943ade0a3b5a97c55f0390c6f0f692e87de8b1775e6d53a01f0f9e8dd2cc8f13",
      "size_bytes": 13280
    },
    "creative/landing-page-copy": {
      "path": "skills/creative/landing-page-copy/SKILL.md",
      "sha256": "1e0114f94e36d31bc85dcd1e15ea8f0b4e80655428427e401290d1f5acd627ff",
      "size_bytes": 17108
    },
    "creative/social-media-strategy": {
      "path": "skills/creative/social-media-strategy/SKILL.md",
      "sha256": "dd80d5fe26e4b849072834925acb048f37a44d3ae95063a7e333d46348d65535",
      "size_bytes": 6561
    },
    "creative/v0-lander": {
      "path": "skills/creative/v0-lander/SKILL.md",
      "sha256": "cb79ca04992829f9da10f8023eac1282a58ef9b7398d1b2f486cba40b5f2502c",
      "size_bytes": 15479
    },
    "creative/vibe-coding": {
      "path": "skills/creative/vibe-coding/SKILL.md",
      "sha256": "1cbb26cd04d595e678e160b60a25884077fb8773c25f3e11c322c13b3e9ebec6",
      "size_bytes": 15915
    },
    "creative/vibe-marketing": {
      "path": "skills/creative/vibe-marketing/SKILL.md",
      "sha256": "ba8e2d7fe38462f3e5dc4c7dc63b8d1e229c170ad3224b2ad5ad98b8b105ed57",
      "size_bytes": 15588
    },
    "customer-success/cs-analytics-dashboards": {
      "path": "skills/customer-success/cs-analytics-dashboards/SKILL.md",
      "sha256": "b6549da18c7874412e16a4091d84d10e1a1fa6593c48b3538d4168ffe92a785e",
      "size_bytes": 13612
    },
    "customer-success/cs-playbooks": {
      "path": "skills/customer-success/cs-playbooks/SKILL.md",
      "sha256": "b41d63e3fd27184e93c8cc9621b9d44f35f7dff6c9a482fc8b7d33b74304bdf8",
      "size_bytes": 6789
    },
    "customer-success/customer-onboarding": {
      "path": "skills/customer-success/customer-onboarding/SKILL.md",
      "sha256": "af23c0b5ce7c9ccf3c9b68391461eb7e9cc2ea9d388b1b297bd949ea619a4b40",
      "size_bytes": 13728
    },
    "customer-success/headless-support": {
      "path": "skills/customer-success/headless-support/SKILL.md",
      "sha256": "773236a8e69bd01f8b9b921fa3f8a81ca8524229e5d5aa8980e568d56deac8b3",
      "size_bytes": 13715
    },
    "customer-success/qbr-planning": {
      "path": "skills/customer-success/qbr-planning/SKILL.md",
      "sha256": "d7d8a7f0967751f486e5c6d6c7e58252e581021a49547dac2f4485665fcadf18",
      "size_bytes": 5935
    },
    "customer-success/sla-management": {
      "path": "skills/customer-success/sla-management/SKILL.md",
      "sha256": "67bf7e39818d8f6b8ee7b8e3e6e72c9f6a87f17ed4048a4a3b2beec032d1ad26",
      "size_bytes": 12537
    },
    "customer-success/support-tool-stack": {
      "path": "skills/customer-success/support-tool-stack/SKILL.md",
      "sha256": "c976058c876be0c58fcd4c7767b2fbfca10c637d608bed707bdff9092d54d083",
      "size_bytes": 12907
    },
    "demand-gen/content-syndication": {
      "path": "skills/demand-gen/content-syndication/SKILL.md",
      "sha256": "65afbfd52a80824d034039f42c135bf0be590ba1d2bf59bf8eec3c58b5c7ae84",
      "size_bytes": 5384
    },
    "demand-gen/paid-social-strategy": {
      "path": "skills/demand-gen/paid-social-strategy/SKILL.md",
      "sha256": "7abb16fa93bdd48bc1d1942da582d32c43aed337b3d6add3eb87f2e27508ca49",
      "size_bytes": 7537
    },
    "demand-gen/podcast-gtm": {
      "path": "skills/demand-gen/podcast-gtm/SKILL.md",
      "sha256": "78d2d459517feb2d3960121ce351878d80ff36cde4477ab12d8e04acd9bb3e2c",
      "size_bytes": 7026
    },
    "demand-gen/webinar-strategy": {
      "path": "skills/demand-gen/webinar-strategy/SKILL.md",
      "sha256": "69e4921b8adbba3441b12e6dbaffe33b4d07b02f554b4d5b6173fe5dc45de625",
      "size_bytes": 7388
    },
    "design/battlecard-builder": {
      "path": "skills/design/battlecard-builder/SKILL.md",
      "sha256": "8a2cecd3dbdf3a6d55411a461eeedfb25656561a9b07da696471615623492d63",
      "size_bytes": 7791
    },
    "design/case-study-builder": {
      "path": "skills/design/case-study-builder/SKILL.md",
      "sha256": "9a03807badac1f4bcaaf0feef42e29ffc63c60fccb252ddce038141722cef81c",
      "size_bytes": 7089
    },
    "design/design-system-gtm": {
      "path": "skills/design/design-system-gtm/SKILL.md",
      "sha256": "b8d582144f528e4e33d2f3c623abe80f60c6fe32d70a45b0a00dfe9d2a19d8bb",
      "size_bytes": 12898
    },
    "design/one-pager-builder": {
      "path": "skills/design/one-pager-builder/SKILL.md",
      "sha256": "a00ef74896a7ba4767591fcb3893cb851c5a88a261093f1b5136b3d2a816e89e",
      "size_bytes": 7646
    },
    "design/pitch-deck-builder": {
      "path": "skills/design/pitch-deck-builder/SKILL.md",
      "sha256": "96a9020a498637d31e33c20406360fccb328b1d14e50218de0a41494146ada4f",
      "size_bytes": 7931
    },
    "design/roi-calculator": {
      "path": "skills/design/roi-calculator/SKILL.md",
      "sha256": "9dc08f2da5070ae161dc36e57a16eb5c35161ab230a0d782fd24002bdd577c99",
      "size_bytes": 12163
    },
    "design/ui-ux-gtm": {
      "path": "skills/design/ui-ux-gtm/SKILL.md",
      "sha256": "02d834931276052832590b42c9b600eef930f682b687444bb38c378ba1b9448a",
      "size_bytes": 14792
    },
    "events/conference-strategy": {
      "path": "skills/events/conference-strategy/SKILL.md",
      "sha256": "41a57947c27e392f4db0ad5d8f2f964831c33a7007eef88e2fb02df9c88aa8b2",
      "size_bytes": 7295
    },
    "events/event-driven-outreach": {
      "path": "skills/events/event-driven-outreach/SKILL.md",
      "sha256": "84e1a0962fe87d73f70608eb88d3421fd2e2476f93adb2e3ddb4c3ae9255c61a",
      "size_bytes": 7047
    },
    "events/field-marketing": {
      "path": "skills/events/field-marketing/SKILL.md",
      "sha256": "75eb0479d074ebe6e0565e8b01e6fe7f973de4ec67f6df031d5ed508df9fff63",
      "size_bytes": 7457
    },
    "foundation/buyer-psychology": {
      "path": "skills/foundation/buyer-psychology/SKILL.md",
      "sha256": "625210c78dfd61909b9f90b0bd412e985a5cddfc4a77428da12bd6727a4c6b1f",
      "size_bytes": 8081
    },
    "foundation/competitive-intel": {
      "path": "skills/foundation/competitive-intel/SKILL.md",
      "sha256": "1c419998c7f6d6f256d519c9130905d3a5423ec05c8c3ce33b469a206b3a2e96",
      "size_bytes": 19327
    },
    "foundation/gtm-context": {
      "path": "skills/foundation/gtm-context/SKILL.md",
      "sha256": "9e82a3200b92a9a73b0a6034779ca2aa4d12e54d059f4f7799fee5692fd4c04d",
      "size_bytes": 17509
    },
    "foundation/icp-scoring": {
      "path": "skills/foundation/icp-scoring/SKILL.md",
      "sha256": "09bcf8c8afaf75686141021833f6cdfb7316ac26cbe3dfcd29dec06fffafef38",
      "size_bytes": 17863
    },
    "foundation/icp-targeting-tiers": {
      "path": "skills/foundation/icp-targeting-tiers/SKILL.md",
      "sha256": "5cb15458e29b18f9c0a07031857a744c475b4e407fb54c329e2b729290c66d1e",
      "size_bytes": 10674
    },
    "foundation/positioning-messaging": {
      "path": "skills/foundation/positioning-messaging/SKILL.md",
      "sha256": "8ca0ef3c16eefbab415b62a27f9c0fbfc3f5e890f61057a5c184087d0dfb884e",
      "size_bytes": 21502
    },
    "foundation/pricing-strategy": {
      "path": "skills/foundation/pricing-strategy/SKILL.md",
      "sha256": "6a36ff47abf4e33ca01f5d8d50c4bfc278af1b336536820e89cdad52b5048dfc",
      "size_bytes": 22447
    },
    "foundation/using-gtm-skills": {
      "path": "skills/foundation/using-gtm-skills/SKILL.md",
      "sha256": "6c5f4174daca450d504a32e7bd5cd0e40723205a417ff5acef267ec156ccd9da",
      "size_bytes": 15052
    },
    "founder-led/advisor-recruitment": {
      "path": "skills/founder-led/advisor-recruitment/SKILL.md",
      "sha256": "68fd1fbd1821ad7476ba1c1a35a7d509d2442dca63bd7bff88be96e079fb589e",
      "size_bytes": 13648
    },
    "founder-led/board-meeting-prep": {
      "path": "skills/founder-led/board-meeting-prep/SKILL.md",
      "sha256": "ff98ea5202baf711909e61601c4a24094e8572a2c7326ae6013655f50a0ad63b",
      "size_bytes": 14763
    },
    "founder-led/brand-kit": {
      "path": "skills/founder-led/brand-kit/SKILL.md",
      "sha256": "ac882c0e6aa550ad7b0e265c1035f99258f0f9e736b0d4525387213804dcbeef",
      "size_bytes": 7501
    },
    "founder-led/building-saas": {
      "path": "skills/founder-led/building-saas/SKILL.md",
      "sha256": "c8b57a02ff2d8f9ef2925a4bbfdf8a8ec0e09bbeb21ef144201d80c7885a0aa6",
      "size_bytes": 6077
    },
    "founder-led/business-insurance": {
      "path": "skills/founder-led/business-insurance/SKILL.md",
      "sha256": "c658db41fe7a4db7d99a980eb335ca8e491935d222d70908f9a436ddd3ed47c1",
      "size_bytes": 13181
    },
    "founder-led/co-founder-dynamics": {
      "path": "skills/founder-led/co-founder-dynamics/SKILL.md",
      "sha256": "14642287395985bc0c81d723e98eb134fea4c6db3b0b2601327306f0a46bbd66",
      "size_bytes": 17598
    },
    "founder-led/content-led-growth": {
      "path": "skills/founder-led/content-led-growth/SKILL.md",
      "sha256": "0df9d3e04d42f18971cf25327accd6b91299eda904ccd989bb78eea14b0fa997",
      "size_bytes": 12676
    },
    "founder-led/data-privacy-compliance": {
      "path": "skills/founder-led/data-privacy-compliance/SKILL.md",
      "sha256": "95ff0fa3da755e3fd2713d9db33b46f81563066361a7f67b1b991cca47633a8a",
      "size_bytes": 13550
    },
    "founder-led/employment-compliance": {
      "path": "skills/founder-led/employment-compliance/SKILL.md",
      "sha256": "728b1821ead40ad43e92c5f99ea9f774fc9134ef285f5059ba1dfe748bc02af4",
      "size_bytes": 15111
    },
    "founder-led/engineer-to-founder": {
      "path": "skills/founder-led/engineer-to-founder/SKILL.md",
      "sha256": "daec28973c53c7785e2d36a7c63b1c55b7b6555ac621e5a17d9b4b8d9e540af0",
      "size_bytes": 16222
    },
    "founder-led/equity-management": {
      "path": "skills/founder-led/equity-management/SKILL.md",
      "sha256": "8fc855cb102d2e3a71e691c619b82b5fbece3bb6c60ae806ba6cdcfe42134502",
      "size_bytes": 11269
    },
    "founder-led/events-planning": {
      "path": "skills/founder-led/events-planning/SKILL.md",
      "sha256": "071a0a4a1be2a813e32d78c5c2b4bf49432a6a74d97fb16d97cdcba4b7c8d592",
      "size_bytes": 6650
    },
    "founder-led/exiting-company": {
      "path": "skills/founder-led/exiting-company/SKILL.md",
      "sha256": "ed4afefeb4869f315baae426e61acc847c7748fcd1e0ef734a90ac99012b3a0c",
      "size_bytes": 7589
    },
    "founder-led/financial-modeling": {
      "path": "skills/founder-led/financial-modeling/SKILL.md",
      "sha256": "3f1a038eeea94c8d2c8a713d83442c73fb7fcea2676ed03140e2a9d1ee2767c7",
      "size_bytes": 15493
    },
    "founder-led/first-hires-playbook": {
      "path": "skills/founder-led/first-hires-playbook/SKILL.md",
      "sha256": "bef40dbee60f921841f0c46bdf5472d9abe73134ad09c01d85cfae752aa342fe",
      "size_bytes": 13865
    },
    "founder-led/founder-brand": {
      "path": "skills/founder-led/founder-brand/SKILL.md",
      "sha256": "cfda78495b888990d9703c5cc245ab5e66ec4ccd1c2f5a84ddc27b07500135db",
      "size_bytes": 5947
    },
    "founder-led/founder-sales": {
      "path": "skills/founder-led/founder-sales/SKILL.md",
      "sha256": "ff23a011fba0bb24c237fcf33a299dcd9710ad5436dfc53a5abe0edd1bfc9768",
      "size_bytes": 11074
    },
    "founder-led/fundraising-strategy": {
      "path": "skills/founder-led/fundraising-strategy/SKILL.md",
      "sha256": "76fc64a4f25dff4809ff26788531f5e6e54f396be001393b8e77ad0675ee985e",
      "size_bytes": 13506
    },
    "founder-led/hiring-agencies": {
      "path": "skills/founder-led/hiring-agencies/SKILL.md",
      "sha256": "575efcf7384f228f0cadc19a0821a2a51c5912107cf4859b9608e8c628e21acc",
      "size_bytes": 6672
    },
    "founder-led/hiring-by-role": {
      "path": "skills/founder-led/hiring-by-role/SKILL.md",
      "sha256": "1cbd71184ca9f2d03aadd6333967770fee1e7c2ec512cb5efded4ba899d32570",
      "size_bytes": 16228
    },
    "founder-led/hiring-contractors": {
      "path": "skills/founder-led/hiring-contractors/SKILL.md",
      "sha256": "fceb71a187da076abcb955563ca3ac13a47748233b19b0012311ac470d9ca7c2",
      "size_bytes": 6901
    },
    "founder-led/investor-updates": {
      "path": "skills/founder-led/investor-updates/SKILL.md",
      "sha256": "f30538a08306319b136db65dce4b2e2343f1d5414761dfd8f4d7e2ec8a4e0c22",
      "size_bytes": 6109
    },
    "founder-led/job-posting-strategy": {
      "path": "skills/founder-led/job-posting-strategy/SKILL.md",
      "sha256": "81c0022842edb65311ded77d452d774ce258c5968871a872e66f44494b1124af",
      "size_bytes": 13426
    },
    "founder-led/launch-planning": {
      "path": "skills/founder-led/launch-planning/SKILL.md",
      "sha256": "f5931c520c2dde13c320cae20b13694c37f360c098424adc901f7b2db55b5aff",
      "size_bytes": 11969
    },
    "founder-led/lead-magnets": {
      "path": "skills/founder-led/lead-magnets/SKILL.md",
      "sha256": "7a1f70ce0a4ecf9c9d8b404ec9c6d07ae37dcb596c5244ef473f23fe28d11b38",
      "size_bytes": 10950
    },
    "founder-led/legal-for-founders": {
      "path": "skills/founder-led/legal-for-founders/SKILL.md",
      "sha256": "3a422566aa8bece1e8b18844f5e8137356d2b4ddf5a6ba2e3256eb4eb139a902",
      "size_bytes": 17215
    },
    "founder-led/partner-programs": {
      "path": "skills/founder-led/partner-programs/SKILL.md",
      "sha256": "0632d404366e51fff7576014e928b7521c85e22c417d7a090ab9aadd4ad80740",
      "size_bytes": 10968
    },
    "founder-led/pricing-psychology": {
      "path": "skills/founder-led/pricing-psychology/SKILL.md",
      "sha256": "f39a52c236491a1b3418170c06bf32dcf31d137e624f9ad95c7aff299b1a9dbf",
      "size_bytes": 13550
    },
    "founder-led/saas-metrics-calculator": {
      "path": "skills/founder-led/saas-metrics-calculator/SKILL.md",
      "sha256": "f67571e34540e30b3f6d4867e9d195cfaa194387d4fbedebb2f4c4893b4d10b1",
      "size_bytes": 11484
    },
    "founder-led/sales-team-building": {
      "path": "skills/founder-led/sales-team-building/SKILL.md",
      "sha256": "84b90947b10520ffae5a8c3c63011ac354bb52a52d150c9d42729d0a0b57b1d7",
      "size_bytes": 7976
    },
    "founder-led/security-assessments": {
      "path": "skills/founder-led/security-assessments/SKILL.md",
      "sha256": "25aa34a384544f943ff5691ef35ee4f0f5425d97b4051b939dc6f311ef6a7fd9",
      "size_bytes": 14929
    },
    "founder-led/soc2-compliance": {
      "path": "skills/founder-led/soc2-compliance/SKILL.md",
      "sha256": "c80d8b955857b9d709ce1e5103acc97a7dff3dae7e1126e23c7ad9cfe514bd6d",
      "size_bytes": 8604
    },
    "founder-led/solo-founder-gtm": {
      "path": "skills/founder-led/solo-founder-gtm/SKILL.md",
      "sha256": "e8efebadb35ab8ee426cf9060de449abaa08c5cc26cdfa559df57b39a6972896",
      "size_bytes": 7080
    },
    "founder-led/startup-communities": {
      "path": "skills/founder-led/startup-communities/SKILL.md",
      "sha256": "38e5d038893d134647a949ea5fa9901d48b42452037a17a028a62bc8af218c06",
      "size_bytes": 14983
    },
    "founder-led/vc-outreach": {
      "path": "skills/founder-led/vc-outreach/SKILL.md",
      "sha256": "47c145ea13e36da0ab752da2f17be4a241de92f345ef1a3add68174be288b776",
      "size_bytes": 14625
    },
    "founder-led/vendor-contracts": {
      "path": "skills/founder-led/vendor-contracts/SKILL.md",
      "sha256": "143aac132e71b34542044d47679630a16d96ab53103e9f0b53b307d359ce46e3",
      "size_bytes": 13119
    },
    "founder-led/yc-ecosystem": {
      "path": "skills/founder-led/yc-ecosystem/SKILL.md",
      "sha256": "76dac042ac1f835b314ed29d22af992dced592e1a045d3c7bfafc195023ba006",
      "size_bytes": 16065
    },
    "growth/churn-prevention": {
      "path": "skills/growth/churn-prevention/SKILL.md",
      "sha256": "4380ac6f6a3180fcaf46d24469259c0ba1a9f0992dd3110394081a72f201a040",
      "size_bytes": 6483
    },
    "growth/customer-marketing": {
      "path": "skills/growth/customer-marketing/SKILL.md",
      "sha256": "027acafab06f7d8a77fed2df95a820ab1991ffc13030d356c6852bdb8e7b06cf",
      "size_bytes": 5988
    },
    "growth/expansion-selling": {
      "path": "skills/growth/expansion-selling/SKILL.md",
      "sha256": "a2d1b47e378578ff137afcfdf2a958983e089d4791998aeee2cf385dfdc5a334",
      "size_bytes": 7744
    },
    "growth/referral-programs": {
      "path": "skills/growth/referral-programs/SKILL.md",
      "sha256": "bdbcfa4cfcf0d65aae6f59e3848e572b064a369267810551c4bf979e7c1ef599",
      "size_bytes": 5433
    },
    "gtm-ops/campaign-governance": {
      "path": "skills/gtm-ops/campaign-governance/SKILL.md",
      "sha256": "ac75ef4961e15d96174d88b00bb1473a97923cc5ca11de14e7e6b4c0882f4add",
      "size_bytes": 7065
    },
    "gtm-ops/gtm-operations": {
      "path": "skills/gtm-ops/gtm-operations/SKILL.md",
      "sha256": "6d7d43ed8a4ee3a4a266a998289b6fd55408003b426714cfdb0a3f8aa847363b",
      "size_bytes": 5743
    },
    "gtm-ops/revops-tech-stack": {
      "path": "skills/gtm-ops/revops-tech-stack/SKILL.md",
      "sha256": "a461f1bc0c84fc895f32724ef93dbfe77b30099c76d60eddfff3c600d561b6fc",
      "size_bytes": 5469
    },
    "inbound/content-marketing": {
      "path": "skills/inbound/content-marketing/SKILL.md",
      "sha256": "5be386cd650e2f905d006104568ad3053853059dd3f4c3d0f3c58a8b1f69d187",
      "size_bytes": 5664
    },
    "inbound/inbound-triage": {
      "path": "skills/inbound/inbound-triage/SKILL.md",
      "sha256": "901fb10d93a196b514d0c5d875a3341a548f7c85c5faaf77a03db6564ebcc19f",
      "size_bytes": 6498
    },
    "inbound/landing-pages": {
      "path": "skills/inbound/landing-pages/SKILL.md",
      "sha256": "23cf300b0c0dc0ffefdcd85ac971acafce9c1069d550f7aaca2b517bb3362ee3",
      "size_bytes": 5775
    },
    "inbound/social-selling": {
      "path": "skills/inbound/social-selling/SKILL.md",
      "sha256": "83fd5db5b79b0cd6c8f80fa7f9713b3acfa49ee44dc8e659966cbc7e39cab83d",
      "size_bytes": 5774
    },
    "leadmagic/leadmagic-bulk-enrichment": {
      "path": "skills/leadmagic/leadmagic-bulk-enrichment/SKILL.md",
      "sha256": "f6017e1b4a9277ee19089ef1188260a458495923caef82727902de41180b9dec",
      "size_bytes": 6531
    },
    "leadmagic/leadmagic-cli": {
      "path": "skills/leadmagic/leadmagic-cli/SKILL.md",
      "sha256": "6951e79d03b4aa7ac0086fca01c05edcf48145bee9f074c67385d7f5d296562f",
      "size_bytes": 6000
    },
    "leadmagic/leadmagic-integrations": {
      "path": "skills/leadmagic/leadmagic-integrations/SKILL.md",
      "sha256": "00c23bcd95fabf665fce07d09cb0ee7e9bdefa50838a7697de133f67f54b897b",
      "size_bytes": 4977
    },
    "leadmagic/leadmagic-job-change": {
      "path": "skills/leadmagic/leadmagic-job-change/SKILL.md",
      "sha256": "bbeacb475a0161d868f565e04893af419182df503f666ed7851a1a78ce7aad90",
      "size_bytes": 6992
    },
    "leadmagic/leadmagic-mcp": {
      "path": "skills/leadmagic/leadmagic-mcp/SKILL.md",
      "sha256": "04b4686f0c1f299cd0c217d1dc004984f7c62dc6b969677514e3a34a238199f3",
      "size_bytes": 6099
    },
    "leadmagic/leadmagic-waterfall": {
      "path": "skills/leadmagic/leadmagic-waterfall/SKILL.md",
      "sha256": "32e03c99cb8f539f6257934c658a086e2edeb2efa44c76ccc38520f914d5d72e",
      "size_bytes": 7255
    },
    "lifecycle/churn-prediction": {
      "path": "skills/lifecycle/churn-prediction/SKILL.md",
      "sha256": "2670b268b776e182b4a9287cf88db87e785f777b5f5d6882ed9d7e03d1e71697",
      "size_bytes": 6781
    },
    "lifecycle/lifecycle-drips": {
      "path": "skills/lifecycle/lifecycle-drips/SKILL.md",
      "sha256": "c09013c37f599f13ab2b689985c00c400b0a12ec5106d12f8e8c087529bbd4cd",
      "size_bytes": 5985
    },
    "lifecycle/mql-nurture": {
      "path": "skills/lifecycle/mql-nurture/SKILL.md",
      "sha256": "9760ad7f1531f8cb0c70c3e66b9caac1d1705524e1f1fd73c01f61618b48f1c1",
      "size_bytes": 6018
    },
    "lifecycle/onboarding-sequences": {
      "path": "skills/lifecycle/onboarding-sequences/SKILL.md",
      "sha256": "2cf3757943323018a3cf9ad1b54760185372154fc155655a13f52547aa929468",
      "size_bytes": 5819
    },
    "lifecycle/re-engagement": {
      "path": "skills/lifecycle/re-engagement/SKILL.md",
      "sha256": "f3790d6b22c0177f8d7e555e97918ee89dc8e88ae91173d5ce6c8049ae9bb059",
      "size_bytes": 6169
    },
    "management-leadership/sales-coaching": {
      "path": "skills/management-leadership/sales-coaching/SKILL.md",
      "sha256": "45458a6426bf754805f0fe345b692ad31e81c0b6f1411eead640ae904d569173",
      "size_bytes": 6209
    },
    "management-leadership/team-management": {
      "path": "skills/management-leadership/team-management/SKILL.md",
      "sha256": "6d1dc51a68557121a0387eee67ae78e1d92e3bee8f248767e80981ab2e111d90",
      "size_bytes": 6953
    },
    "outbound/cold-calling": {
      "path": "skills/outbound/cold-calling/SKILL.md",
      "sha256": "b086f3d6b94812fb14111a93e0462cb3f13de1179cf738653c23612eb44a5512",
      "size_bytes": 9573
    },
    "outbound/cold-email-copywriting": {
      "path": "skills/outbound/cold-email-copywriting/SKILL.md",
      "sha256": "9b240118bea84abdb13fbaa1a6d656d7136449999f7aeaaf4cfb9c7e52c826df",
      "size_bytes": 15154
    },
    "outbound/cold-email-strategy": {
      "path": "skills/outbound/cold-email-strategy/SKILL.md",
      "sha256": "330a60913f28b74acb282227607727263a6fba034dc95b8706c33792a9fc55d7",
      "size_bytes": 22501
    },
    "outbound/domain-infrastructure": {
      "path": "skills/outbound/domain-infrastructure/SKILL.md",
      "sha256": "98d3c14ba711894a4c631165a166cd598dc82974b2ac4258b80b41a953d115a1",
      "size_bytes": 21290
    },
    "outbound/email-deliverability": {
      "path": "skills/outbound/email-deliverability/SKILL.md",
      "sha256": "27e77b84918878b56992abce3566ab738fe56fa96bdc3ab2bf37d11efb9f5568",
      "size_bytes": 20827
    },
    "outbound/inbox-setup": {
      "path": "skills/outbound/inbox-setup/SKILL.md",
      "sha256": "f86946eb572121984c473755564f62f732281c80d5b225c94d384ed415287f28",
      "size_bytes": 8235
    },
    "outbound/multi-channel-outreach": {
      "path": "skills/outbound/multi-channel-outreach/SKILL.md",
      "sha256": "ee9ae29bc9e62746e7a2e2f9479504b96e3432bfe1eed58fba39bfad2c6bfeae",
      "size_bytes": 7684
    },
    "outbound/reply-handling": {
      "path": "skills/outbound/reply-handling/SKILL.md",
      "sha256": "d3711d7874cb5a5988642950a17a958ee8d978afdd11af13ef20411e85c3a1bb",
      "size_bytes": 19378
    },
    "outbound/sending-platforms": {
      "path": "skills/outbound/sending-platforms/SKILL.md",
      "sha256": "bfb4f5dc320aa891316d5d335aebeb6cf22632e7f0f9521e486462776044e242",
      "size_bytes": 18046
    },
    "partnerships/co-marketing": {
      "path": "skills/partnerships/co-marketing/SKILL.md",
      "sha256": "b8df3c2b8ccf4abb6f272f2b0374cc8a1da0c799d67e01b7562f5b28a0731b94",
      "size_bytes": 6987
    },
    "partnerships/integration-partnerships": {
      "path": "skills/partnerships/integration-partnerships/SKILL.md",
      "sha256": "159d4118da82f280f6dfc2d49f521ee708feb398bc6360c15cba87505272c5d9",
      "size_bytes": 7569
    },
    "partnerships/partnership-strategy": {
      "path": "skills/partnerships/partnership-strategy/SKILL.md",
      "sha256": "6710e2108529d3ec5113cf5c1f7045789cbe437b994159654c03f4102c0e05ea",
      "size_bytes": 7431
    },
    "product-led-growth/freemium-optimization": {
      "path": "skills/product-led-growth/freemium-optimization/SKILL.md",
      "sha256": "32a3a88ba2d3be544d36c6be57528cc25818eabc418dece578d73fb970d45f9c",
      "size_bytes": 5486
    },
    "product-led-growth/plg-strategy": {
      "path": "skills/product-led-growth/plg-strategy/SKILL.md",
      "sha256": "a555bf7d0538a6bcaccf34a2fab86f62063272726740af549c744bdb7c888345",
      "size_bytes": 6708
    },
    "prospecting/contact-verification": {
      "path": "skills/prospecting/contact-verification/SKILL.md",
      "sha256": "3ed15ddf359842bc23177e06189832e1868035b3091d424563a7d10f540626d4",
      "size_bytes": 6671
    },
    "prospecting/data-enrichment-strategy": {
      "path": "skills/prospecting/data-enrichment-strategy/SKILL.md",
      "sha256": "987c4e7d9c70ca3111cc9d768fc5d4d70e665685a0f4466e0dff995d57017584",
      "size_bytes": 7780
    },
    "prospecting/email-finding": {
      "path": "skills/prospecting/email-finding/SKILL.md",
      "sha256": "4d51b3748e9aa54944bf873a2f9c66c4dc75118c39fdc3dfe39900e69bb6e781",
      "size_bytes": 7042
    },
    "prospecting/lead-enrichment": {
      "path": "skills/prospecting/lead-enrichment/SKILL.md",
      "sha256": "b4af72a73e209ebdc7ad07d4461eb1ae5b782e98d1558a226b7dba4c2c8af32e",
      "size_bytes": 21954
    },
    "prospecting/lead-finding": {
      "path": "skills/prospecting/lead-finding/SKILL.md",
      "sha256": "3b0e2be9456d1cc7bba871fe950f0f286c1ba6f6172e349d37434569e9b6929e",
      "size_bytes": 19177
    },
    "prospecting/list-building": {
      "path": "skills/prospecting/list-building/SKILL.md",
      "sha256": "a618f85465222244bd50e39bd94a15d87b87014f76eb41eae313e91b3b1a8ecf",
      "size_bytes": 6114
    },
    "prospecting/signal-scoring": {
      "path": "skills/prospecting/signal-scoring/SKILL.md",
      "sha256": "621b696c605f186980cf6ecc78617f6e76189cd723afdde4f8bc3a235dcd238a",
      "size_bytes": 6426
    },
    "sales-plays/earnings-signal-play": {
      "path": "skills/sales-plays/earnings-signal-play/SKILL.md",
      "sha256": "4894546777551fa1fb7f16e63080a78467e9a161e795b628c2c1def168036fe6",
      "size_bytes": 5278
    },
    "sales-plays/funding-signal-play": {
      "path": "skills/sales-plays/funding-signal-play/SKILL.md",
      "sha256": "00951efdc2d9c01945846ea97ca206b5b19acbe0131752a9d6ac6813a9394850",
      "size_bytes": 5282
    },
    "sales-plays/hiring-signal-play": {
      "path": "skills/sales-plays/hiring-signal-play/SKILL.md",
      "sha256": "f426d3ece1b8dec59cefa99c6426c47961514ac31d544cc2da7a4d210fdb51d6",
      "size_bytes": 7452
    },
    "sales-plays/job-change-play": {
      "path": "skills/sales-plays/job-change-play/SKILL.md",
      "sha256": "b9edb6f468b025e6c692d483f83c5f707c43c5769a009c90c947cea9a230ceb6",
      "size_bytes": 7075
    },
    "sales-plays/product-launch-play": {
      "path": "skills/sales-plays/product-launch-play/SKILL.md",
      "sha256": "e0b4dbbe48afe80ef3018cbb015df62ed6c9551bffd30029de8da89a5f9acb1c",
      "size_bytes": 7064
    },
    "sales-revops/deal-desk": {
      "path": "skills/sales-revops/deal-desk/SKILL.md",
      "sha256": "e0743ec98fcba542f50fe086b75171488912ffdb10b520264bdd1be73beef634",
      "size_bytes": 5197
    },
    "sales-revops/demo-scripts": {
      "path": "skills/sales-revops/demo-scripts/SKILL.md",
      "sha256": "08689c0d48d0ebbb94b6b34fc3fa9dc9c74a839ea62f2a3a4ebe72aa38542398",
      "size_bytes": 5477
    },
    "sales-revops/meeting-prep": {
      "path": "skills/sales-revops/meeting-prep/SKILL.md",
      "sha256": "9da2738dc661217b1509170f223e61066aeedeb82eec7747026e292a2f80fd9c",
      "size_bytes": 6048
    },
    "sales-revops/objection-handling": {
      "path": "skills/sales-revops/objection-handling/SKILL.md",
      "sha256": "93d0c68299ff58ba973dd48a90c6feea9fc08d51a9eab2b6a5292a422a70b1ff",
      "size_bytes": 6331
    },
    "sales-revops/pipeline-management": {
      "path": "skills/sales-revops/pipeline-management/SKILL.md",
      "sha256": "a6680f1e0f393799fbba3f6ea5caf1f24e6b93710236bf616f5c4b873c2e6070",
      "size_bytes": 5045
    },
    "sales-revops/sales-enablement": {
      "path": "skills/sales-revops/sales-enablement/SKILL.md",
      "sha256": "3f78cd69c6427abdc43ab32152cf833fdde910a7dfd796fe4941e0341cb55e05",
      "size_bytes": 6620
    },
    "sales-revops/transparency-selling": {
      "path": "skills/sales-revops/transparency-selling/SKILL.md",
      "sha256": "dacb4a263bbf28318357c980b58cce55fac125f5aa3d3986065972f3f621af40",
      "size_bytes": 8640
    },
    "sequencing-tools/hubspot-sequences": {
      "path": "skills/sequencing-tools/hubspot-sequences/SKILL.md",
      "sha256": "4b37ba1645ce60d9b3ae0a2b49e631d520871c56a8b618ced83b81248a7a8abe",
      "size_bytes": 6481
    },
    "sequencing-tools/instantly-sequences": {
      "path": "skills/sequencing-tools/instantly-sequences/SKILL.md",
      "sha256": "f65fd045a1d8858674c130169ec03b0fd2d6e68f8096f4909764922101cb6537",
      "size_bytes": 6808
    },
    "sequencing-tools/lemlist-setup": {
      "path": "skills/sequencing-tools/lemlist-setup/SKILL.md",
      "sha256": "9035f39411b020124dac434cf54811a2779a2e2e9a38790f90ea0799c04b0933",
      "size_bytes": 6844
    },
    "sequencing-tools/outreach-sequences": {
      "path": "skills/sequencing-tools/outreach-sequences/SKILL.md",
      "sha256": "1277c81822fb01c96b363ec9622307d2a8122a857a0311aef862bf7bab055a51",
      "size_bytes": 6649
    },
    "sequencing-tools/salesloft-cadences": {
      "path": "skills/sequencing-tools/salesloft-cadences/SKILL.md",
      "sha256": "c78f21565f5a8f60030c213b08dadbe8a847b10b407d96dea794e1565aa7ee98",
      "size_bytes": 6752
    },
    "sequencing-tools/smartlead-workflows": {
      "path": "skills/sequencing-tools/smartlead-workflows/SKILL.md",
      "sha256": "d2a403560f9b7875762aaf9e00f93c58df21ceab422ff3879d415197d2c9e622",
      "size_bytes": 7146
    },
    "tools/analytics-toolkit": {
      "path": "skills/tools/analytics-toolkit/SKILL.md",
      "sha256": "f984e466e0aafa7845dc1418b9f061081439465e4e5f62dfd971987f9446eb57",
      "size_bytes": 5412
    },
    "tools/clay-toolkit": {
      "path": "skills/tools/clay-toolkit/SKILL.md",
      "sha256": "992e371adac5741d86f70ed900b427029787f930728024b0cb2ac083543d0fc0",
      "size_bytes": 7164
    },
    "tools/crm-toolkit": {
      "path": "skills/tools/crm-toolkit/SKILL.md",
      "sha256": "4d62a1f6ba7ebafb1b299017332696e1887223de5ad1486772b1a799d7b7d8e3",
      "size_bytes": 5814
    },
    "tools/leadmagic-toolkit": {
      "path": "skills/tools/leadmagic-toolkit/SKILL.md",
      "sha256": "3552ca75dda6935b3e76b294ca1c1864e37e0912b0389a65b1a01870bf933137",
      "size_bytes": 8136
    },
    "tools/n8n-toolkit": {
      "path": "skills/tools/n8n-toolkit/SKILL.md",
      "sha256": "c2f064df662669a29f08d3afb436fd0185fbedaf7d5d1cf17e7b08b7e487eaee",
      "size_bytes": 5398
    },
    "tools/sequencing-toolkit": {
      "path": "skills/tools/sequencing-toolkit/SKILL.md",
      "sha256": "dba9319a48355baf3de9d5ae313c5d466a393a9bae170133ef9342210fb1214d",
      "size_bytes": 6416
    },
    "tools/support-toolkit": {
      "path": "skills/tools/support-toolkit/SKILL.md",
      "sha256": "af25b45a9d5344a9273a42c354e9ae9c0f724448bf127235f003a3fa018d7506",
      "size_bytes": 5451
    }
  }
}
